
Microsoft Visual Studio Solution File, Format Version 12.00
# Visual Studio Version 16
VisualStudioVersion = 16.0.31205.134
MinimumVisualStudioVersion = 10.0.40219.1
Project("{FAE04EC0-301F-11D3-BF4B-00C04F79EFBC}") = "exercise4", "exercise4.csproj", "{E3967B7F-347C-4D81-B86E-E01527F958F0}"
EndProject
Global
	GlobalSection(SolutionConfigurationPlatforms) = preSolution
		Debug|Any CPU = Debug|Any CPU
		Release|Any CPU = Release|Any CPU
	EndGlobalSection
	GlobalSection(ProjectConfigurationPlatforms) = postSolution
		{E3967B7F-347C-4D81-B86E-E01527F958F0}.Debug|Any CPU.ActiveCfg = Debug|Any CPU
		{E3967B7F-347C-4D81-B86E-E01527F958F0}.Debug|Any CPU.Build.0 = Debug|Any CPU
		{E3967B7F-347C-4D81-B86E-E01527F958F0}.Release|Any CPU.ActiveCfg = Release|Any CPU
		{E3967B7F-347C-4D81-B86E-E01527F958F0}.Release|Any CPU.Build.0 = Release|Any CPU
	EndGlobalSection
	GlobalSection(SolutionProperties) = preSolution
		HideSolutionNode = FALSE
	EndGlobalSection
	GlobalSection(ExtensibilityGlobals) = postSolution
		SolutionGuid = {EC95B5EC-F09A-461D-B16E-28B65A5C9CCB}
	EndGlobalSection
EndGlobal
