
Microsoft Visual Studio Solution File, Format Version 12.00
# Visual Studio Version 16
VisualStudioVersion = 16.0.31205.134
MinimumVisualStudioVersion = 10.0.40219.1
Project("{FAE04EC0-301F-11D3-BF4B-00C04F79EFBC}") = "exercise6", "exercise6.csproj", "{98C194C9-D340-497F-B610-C8AD4FB8A3D9}"
EndProject
Global
	GlobalSection(SolutionConfigurationPlatforms) = preSolution
		Debug|Any CPU = Debug|Any CPU
		Release|Any CPU = Release|Any CPU
	EndGlobalSection
	GlobalSection(ProjectConfigurationPlatforms) = postSolution
		{98C194C9-D340-497F-B610-C8AD4FB8A3D9}.Debug|Any CPU.ActiveCfg = Debug|Any CPU
		{98C194C9-D340-497F-B610-C8AD4FB8A3D9}.Debug|Any CPU.Build.0 = Debug|Any CPU
		{98C194C9-D340-497F-B610-C8AD4FB8A3D9}.Release|Any CPU.ActiveCfg = Release|Any CPU
		{98C194C9-D340-497F-B610-C8AD4FB8A3D9}.Release|Any CPU.Build.0 = Release|Any CPU
	EndGlobalSection
	GlobalSection(SolutionProperties) = preSolution
		HideSolutionNode = FALSE
	EndGlobalSection
	GlobalSection(ExtensibilityGlobals) = postSolution
		SolutionGuid = {04A3D8A5-1BEF-470A-B64F-E0BEDD447E36}
	EndGlobalSection
EndGlobal
